
Microsoft Visual Studio Solution File, Format Version 12.00
# Visual Studio Version 16
VisualStudioVersion = 16.0.31205.134
MinimumVisualStudioVersion = 10.0.40219.1
Project("{FAE04EC0-301F-11D3-BF4B-00C04F79EFBC}") = "10c_k1_ism_20_21", "10c_k1_ism_20_21\10c_k1_ism_20_21.csproj", "{0455EAA0-B39B-4C4F-91E7-73BF71B529DB}"
EndProject
Global
	GlobalSection(SolutionConfigurationPlatforms) = preSolution
		Debug|Any CPU = Debug|Any CPU
		Release|Any CPU = Release|Any CPU
	EndGlobalSection
	GlobalSection(ProjectConfigurationPlatforms) = postSolution
		{0455EAA0-B39B-4C4F-91E7-73BF71B529DB}.Debug|Any CPU.ActiveCfg = Debug|Any CPU
		{0455EAA0-B39B-4C4F-91E7-73BF71B529DB}.Debug|Any CPU.Build.0 = Debug|Any CPU
		{0455EAA0-B39B-4C4F-91E7-73BF71B529DB}.Release|Any CPU.ActiveCfg = Release|Any CPU
		{0455EAA0-B39B-4C4F-91E7-73BF71B529DB}.Release|Any CPU.Build.0 = Release|Any CPU
	EndGlobalSection
	GlobalSection(SolutionProperties) = preSolution
		HideSolutionNode = FALSE
	EndGlobalSection
	GlobalSection(ExtensibilityGlobals) = postSolution
		SolutionGuid = {F889B612-016D-4C7A-B87E-619BB21434A2}
	EndGlobalSection
EndGlobal
